
Microsoft Visual Studio Solution File, Format Version 12.00
# Visual Studio Version 17
VisualStudioVersion = 17.14.36202.13 d17.14
MinimumVisualStudioVersion = 10.0.40219.1
Project("{FAE04EC0-301F-11D3-BF4B-00C04F79EFBC}") = "M1", "M1.csproj", "{4E28B78C-9F37-489A-8F40-726D3D593E97}"
EndProject
Project("{FAE04EC0-301F-11D3-BF4B-00C04F79EFBC}") = "M2", "..\M2\M2.csproj", "{11C1C876-700A-4AE6-9465-F5091AE986B9}"
EndProject
Project("{FAE04EC0-301F-11D3-BF4B-00C04F79EFBC}") = "M3", "..\M3\M3.csproj", "{1FE256B2-A2AB-4AAD-873D-C43EEDF28807}"
EndProject
Project("{FAE04EC0-301F-11D3-BF4B-00C04F79EFBC}") = "M4", "..\M4\M4.csproj", "{4421CC2D-9BA1-42BB-B49F-BB7781ECD63F}"
EndProject
Project("{FAE04EC0-301F-11D3-BF4B-00C04F79EFBC}") = "M5", "..\M5\M5.csproj", "{A4CA7A2A-76E7-44BE-BD47-B53466D0C08E}"
EndProject
Project("{FAE04EC0-301F-11D3-BF4B-00C04F79EFBC}") = "M6", "..\M6\M6.csproj", "{A9312247-71EA-4346-B8F3-D50833F8FFAF}"
EndProject
Project("{FAE04EC0-301F-11D3-BF4B-00C04F79EFBC}") = "M7", "..\M7\M7.csproj", "{25D47431-FD96-4BB0-80CC-4CFB24F87AFE}"
EndProject
Project("{FAE04EC0-301F-11D3-BF4B-00C04F79EFBC}") = "M8", "..\M8\M8.csproj", "{46488796-FE8E-46AF-BB55-96EC7C11E043}"
EndProject
Global
	GlobalSection(SolutionConfigurationPlatforms) = preSolution
		Debug|Any CPU = Debug|Any CPU
		Release|Any CPU = Release|Any CPU
	EndGlobalSection
	GlobalSection(ProjectConfigurationPlatforms) = postSolution
		{4E28B78C-9F37-489A-8F40-726D3D593E97}.Debug|Any CPU.ActiveCfg = Debug|Any CPU
		{4E28B78C-9F37-489A-8F40-726D3D593E97}.Debug|Any CPU.Build.0 = Debug|Any CPU
		{4E28B78C-9F37-489A-8F40-726D3D593E97}.Release|Any CPU.ActiveCfg = Release|Any CPU
		{4E28B78C-9F37-489A-8F40-726D3D593E97}.Release|Any CPU.Build.0 = Release|Any CPU
		{11C1C876-700A-4AE6-9465-F5091AE986B9}.Debug|Any CPU.ActiveCfg = Debug|Any CPU
		{11C1C876-700A-4AE6-9465-F5091AE986B9}.Debug|Any CPU.Build.0 = Debug|Any CPU
		{11C1C876-700A-4AE6-9465-F5091AE986B9}.Release|Any CPU.ActiveCfg = Release|Any CPU
		{11C1C876-700A-4AE6-9465-F5091AE986B9}.Release|Any CPU.Build.0 = Release|Any CPU
		{1FE256B2-A2AB-4AAD-873D-C43EEDF28807}.Debug|Any CPU.ActiveCfg = Debug|Any CPU
		{1FE256B2-A2AB-4AAD-873D-C43EEDF28807}.Debug|Any CPU.Build.0 = Debug|Any CPU
		{1FE256B2-A2AB-4AAD-873D-C43EEDF28807}.Release|Any CPU.ActiveCfg = Release|Any CPU
		{1FE256B2-A2AB-4AAD-873D-C43EEDF28807}.Release|Any CPU.Build.0 = Release|Any CPU
		{4421CC2D-9BA1-42BB-B49F-BB7781ECD63F}.Debug|Any CPU.ActiveCfg = Debug|Any CPU
		{4421CC2D-9BA1-42BB-B49F-BB7781ECD63F}.Debug|Any CPU.Build.0 = Debug|Any CPU
		{4421CC2D-9BA1-42BB-B49F-BB7781ECD63F}.Release|Any CPU.ActiveCfg = Release|Any CPU
		{4421CC2D-9BA1-42BB-B49F-BB7781ECD63F}.Release|Any CPU.Build.0 = Release|Any CPU
		{A4CA7A2A-76E7-44BE-BD47-B53466D0C08E}.Debug|Any CPU.ActiveCfg = Debug|Any CPU
		{A4CA7A2A-76E7-44BE-BD47-B53466D0C08E}.Debug|Any CPU.Build.0 = Debug|Any CPU
		{A4CA7A2A-76E7-44BE-BD47-B53466D0C08E}.Release|Any CPU.ActiveCfg = Release|Any CPU
		{A4CA7A2A-76E7-44BE-BD47-B53466D0C08E}.Release|Any CPU.Build.0 = Release|Any CPU
		{A9312247-71EA-4346-B8F3-D50833F8FFAF}.Debug|Any CPU.ActiveCfg = Debug|Any CPU
		{A9312247-71EA-4346-B8F3-D50833F8FFAF}.Debug|Any CPU.Build.0 = Debug|Any CPU
		{A9312247-71EA-4346-B8F3-D50833F8FFAF}.Release|Any CPU.ActiveCfg = Release|Any CPU
		{A9312247-71EA-4346-B8F3-D50833F8FFAF}.Release|Any CPU.Build.0 = Release|Any CPU
		{25D47431-FD96-4BB0-80CC-4CFB24F87AFE}.Debug|Any CPU.ActiveCfg = Debug|Any CPU
		{25D47431-FD96-4BB0-80CC-4CFB24F87AFE}.Debug|Any CPU.Build.0 = Debug|Any CPU
		{25D47431-FD96-4BB0-80CC-4CFB24F87AFE}.Release|Any CPU.ActiveCfg = Release|Any CPU
		{25D47431-FD96-4BB0-80CC-4CFB24F87AFE}.Release|Any CPU.Build.0 = Release|Any CPU
		{46488796-FE8E-46AF-BB55-96EC7C11E043}.Debug|Any CPU.ActiveCfg = Debug|Any CPU
		{46488796-FE8E-46AF-BB55-96EC7C11E043}.Debug|Any CPU.Build.0 = Debug|Any CPU
		{46488796-FE8E-46AF-BB55-96EC7C11E043}.Release|Any CPU.ActiveCfg = Release|Any CPU
		{46488796-FE8E-46AF-BB55-96EC7C11E043}.Release|Any CPU.Build.0 = Release|Any CPU
	EndGlobalSection
	GlobalSection(SolutionProperties) = preSolution
		HideSolutionNode = FALSE
	EndGlobalSection
	GlobalSection(ExtensibilityGlobals) = postSolution
		SolutionGuid = {2621521F-2672-4B31-95FB-CE5A5645B998}
	EndGlobalSection
EndGlobal
